// !$*UTF8*$!
{
	archiveVersion = 1;
	classes = {
	};
	objectVersion = 46;
	objects = {

/* Begin PBXBuildFile section */
		32ACCBFD1A6A5070000DFAF5 /* main.swift in Sources */ = {isa = PBXBuildFile; fileRef = 32ACCBFC1A6A5070000DFAF5 /* main.swift */; };
/* End PBXBuildFile section */

/* Begin PBXCopyFilesBuildPhase section */
		32ACCBF71A6A5070000DFAF5 /* CopyFiles */ = {
			isa = PBXCopyFilesBuildPhase;
			buildActionMask = 2147483647;
			dstPath = /usr/share/man/man1/;
			dstSubfolderSpec = 0;
			files = (
			);
			runOnlyForDeploymentPostprocessing = 1;
		};
/* End PBXCopyFilesBuildPhase section */

/* Begin PBXFileReference section */
		32ACCBF91A6A5070000DFAF5 /* LunarSolarConverter */ = {isa = PBXFileReference; explicitFileType = "compiled.mach-o.executable"; includeInIndex = 0; path = LunarSolarConverter; sourceTree = BUILT_PRODUCTS_DIR; };
		32ACCBFC1A6A5070000DFAF5 /* main.swift */ = {isa = PBXFileReference; lastKnownFileType = sourcecode.swift; path = main.swift; sourceTree = "<group>"; };
/* End PBXFileReference section */

/* Begin PBXFrameworksBuildPhase section */
		32ACCBF61A6A5070000DFAF5 /* Frameworks */ = {
			isa = PBXFrameworksBuildPhase;
			buildActionMask = 2147483647;
			files = (
			);
			runOnlyForDeploymentPostprocessing = 0;
		};
/* End PBXFrameworksBuildPhase section */

/* Begin PBXGroup section */
		32ACCBF01A6A5070000DFAF5 = {
			isa = PBXGroup;
			children = (
				32ACCBFB1A6A5070000DFAF5 /* LunarSolarConverter */,
				32ACCBFA1A6A5070000DFAF5 /* Products */,
			);
			sourceTree = "<group>";
		};
		32ACCBFA1A6A5070000DFAF5 /* Products */ = {
			isa = PBXGroup;
			children = (
				32ACCBF91A6A5070000DFAF5 /* LunarSolarConverter */,
			);
			name = Products;
			sourceTree = "<group>";
		};
		32ACCBFB1A6A5070000DFAF5 /* LunarSolarConverter */ = {
			isa = PBXGroup;
			children = (
				32ACCBFC1A6A5070000DFAF5 /* main.swift */,
			);
			path = LunarSolarConverter;
			sourceTree = "<group>";
		};
/* End PBXGroup section */

/* Begin PBXNativeTarget section */
		32ACCBF81A6A5070000DFAF5 /* LunarSolarConverter */ = {
			isa = PBXNativeTarget;
			buildConfigurationList = 32ACCC001A6A5070000DFAF5 /* Build configuration list for PBXNativeTarget "LunarSolarConverter" */;
			buildPhases = (
				32ACCBF51A6A5070000DFAF5 /* Sources */,
				32ACCBF61A6A5070000DFAF5 /* Frameworks */,
				32ACCBF71A6A5070000DFAF5 /* CopyFiles */,
			);
			buildRules = (
			);
			dependencies = (
			);
			name = LunarSolarConverter;
			productName = LunarSolarConverter;
			productReference = 32ACCBF91A6A5070000DFAF5 /* LunarSolarConverter */;
			productType = "com.apple.product-type.tool";
		};
/* End PBXNativeTarget section */

/* Begin PBXProject section */
		32ACCBF11A6A5070000DFAF5 /* Project object */ = {
			isa = PBXProject;
			attributes = {
				LastUpgradeCheck = 0610;
				ORGANIZATIONNAME = isee15;
				TargetAttributes = {
					32ACCBF81A6A5070000DFAF5 = {
						CreatedOnToolsVersion = 6.1.1;
					};
				};
			};
			buildConfigurationList = 32ACCBF41A6A5070000DFAF5 /* Build configuration list for PBXProject "LunarSolarConverter" */;
			compatibilityVersion = "Xcode 3.2";
			developmentRegion = English;
			hasScannedForEncodings = 0;
			knownRegions = (
				en,
			);
			mainGroup = 32ACCBF01A6A5070000DFAF5;
			productRefGroup = 32ACCBFA1A6A5070000DFAF5 /* Products */;
			projectDirPath = "";
			projectRoot = "";
			targets = (
				32ACCBF81A6A5070000DFAF5 /* LunarSolarConverter */,
			);
		};
/* End PBXProject section */

/* Begin PBXSourcesBuildPhase section */
		32ACCBF51A6A5070000DFAF5 /* Sources */ = {
			isa = PBXSourcesBuildPhase;
			buildActionMask = 2147483647;
			files = (
				32ACCBFD1A6A5070000DFAF5 /* main.swift in Sources */,
			);
			runOnlyForDeploymentPostprocessing = 0;
		};
/* End PBXSourcesBuildPhase section */

/* Begin XCBuildConfiguration section */
		32ACCBFE1A6A5070000DFAF5 /* Debug */ = {
			isa = XCBuildConfiguration;
			buildSettings = {
				ALWAYS_SEARCH_USER_PATHS = NO;
				CLANG_CXX_LANGUAGE_STANDARD = "gnu++0x";
				CLANG_CXX_LIBRARY = "libc++";
				CLANG_ENABLE_MODULES = YES;
				CLANG_ENABLE_OBJC_ARC = YES;
				CLANG_WARN_BOOL_CONVERSION = YES;
				CLANG_WARN_CONSTANT_CONVERSION = YES;
				CLANG_WARN_DIRECT_OBJC_ISA_USAGE = YES_ERROR;
				CLANG_WARN_EMPTY_BODY = YES;
				CLANG_WARN_ENUM_CONVERSION = YES;
				CLANG_WARN_INT_CONVERSION = YES;
				CLANG_WARN_OBJC_ROOT_CLASS = YES_ERROR;
				CLANG_WARN_UNREACHABLE_CODE = YES;
				CLANG_WARN__DUPLICATE_METHOD_MATCH = YES;
				COPY_PHASE_STRIP = NO;
				ENABLE_STRICT_OBJC_MSGSEND = YES;
				GCC_C_LANGUAGE_STANDARD = gnu99;
				GCC_DYNAMIC_NO_PIC = NO;
				GCC_OPTIMIZATION_LEVEL = 0;
				GCC_PREPROCESSOR_DEFINITIONS = (
					"DEBUG=1",
					"$(inherited)",
				);
				GCC_SYMBOLS_PRIVATE_EXTERN = NO;
				GCC_WARN_64_TO_32_BIT_CONVERSION = YES;
				GCC_WARN_ABOUT_RETURN_TYPE = YES_ERROR;
				GCC_WARN_UNDECLARED_SELECTOR = YES;
				GCC_WARN_UNINITIALIZED_AUTOS = YES_AGGRESSIVE;
				GCC_WARN_UNUSED_FUNCTION = YES;
				GCC_WARN_UNUSED_VARIABLE = YES;
				MACOSX_DEPLOYMENT_TARGET = 10.10;
				MTL_ENABLE_DEBUG_INFO = YES;
				ONLY_ACTIVE_ARCH = YES;
				SDKROOT = macosx;
				SWIFT_OPTIMIZATION_LEVEL = "-Onone";
			};
			name = Debug;
		};
		32ACCBFF1A6A5070000DFAF5 /* Release */ = {
			isa = XCBuildConfiguration;
			buildSettings = {
				ALWAYS_SEARCH_USER_PATHS = NO;
				CLANG_CXX_LANGUAGE_STANDARD = "gnu++0x";
				CLANG_CXX_LIBRARY = "libc++";
				CLANG_ENABLE_MODULES = YES;
				CLANG_ENABLE_OBJC_ARC = YES;
				CLANG_WARN_BOOL_CONVERSION = YES;
				CLANG_WARN_CONSTANT_CONVERSION = YES;
				CLANG_WARN_DIRECT_OBJC_ISA_USAGE = YES_ERROR;
				CLANG_WARN_EMPTY_BODY = YES;
				CLANG_WARN_ENUM_CONVERSION = YES;
				CLANG_WARN_INT_CONVERSION = YES;
				CLANG_WARN_OBJC_ROOT_CLASS = YES_ERROR;
				CLANG_WARN_UNREACHABLE_CODE = YES;
				CLANG_WARN__DUPLICATE_METHOD_MATCH = YES;
				COPY_PHASE_STRIP = YES;
				DEBUG_INFORMATION_FORMAT = "dwarf-with-dsym";
				ENABLE_NS_ASSERTIONS = NO;
				ENABLE_STRICT_OBJC_MSGSEND = YES;
				GCC_C_LANGUAGE_STANDARD = gnu99;
				GCC_WARN_64_TO_32_BIT_CONVERSION = YES;
				GCC_WARN_ABOUT_RETURN_TYPE = YES_ERROR;
				GCC_WARN_UNDECLARED_SELECTOR = YES;
				GCC_WARN_UNINITIALIZED_AUTOS = YES_AGGRESSIVE;
				GCC_WARN_UNUSED_FUNCTION = YES;
				GCC_WARN_UNUSED_VARIABLE = YES;
				MACOSX_DEPLOYMENT_TARGET = 10.10;
				MTL_ENABLE_DEBUG_INFO = NO;
				SDKROOT = macosx;
			};
			name = Release;
		};
		32ACCC011A6A5070000DFAF5 /* Debug */ = {
			isa = XCBuildConfiguration;
			buildSettings = {
				PRODUCT_NAME = "$(TARGET_NAME)";
			};
			name = Debug;
		};
		32ACCC021A6A5070000DFAF5 /* Release */ = {
			isa = XCBuildConfiguration;
			buildSettings = {
				PRODUCT_NAME = "$(TARGET_NAME)";
			};
			name = Release;
		};
/* End XCBuildConfiguration section */

/* Begin XCConfigurationList section */
		32ACCBF41A6A5070000DFAF5 /* Build configuration list for PBXProject "LunarSolarConverter" */ = {
			isa = XCConfigurationList;
			buildConfigurations = (
				32ACCBFE1A6A5070000DFAF5 /* Debug */,
				32ACCBFF1A6A5070000DFAF5 /* Release */,
			);
			defaultConfigurationIsVisible = 0;
			defaultConfigurationName = Release;
		};
		32ACCC001A6A5070000DFAF5 /* Build configuration list for PBXNativeTarget "LunarSolarConverter" */ = {
			isa = XCConfigurationList;
			buildConfigurations = (
				32ACCC011A6A5070000DFAF5 /* Debug */,
				32ACCC021A6A5070000DFAF5 /* Release */,
			);
			defaultConfigurationIsVisible = 0;
		};
/* End XCConfigurationList section */
	};
	rootObject = 32ACCBF11A6A5070000DFAF5 /* Project object */;
}
